{
  "lockfileVersion": 1,
  "workspaces": {
    "": {
      "dependencies": {
        "@floating-ui/dom": "^1.7.0",
        "@lit-labs/signals": "^0.1.3",
        "@material/web": "^2.3.0",
        "@plausible-analytics/tracker": "^0.4.3",
        "htmx.org": "^2.0.6",
        "lit": "^3.3.0",
        "signal-polyfill": "^0.2.2",
        "signal-utils": "^0.21.1",
        "tippy.js": "^6.3.7",
      },
    },
  },
  "packages": {
    "@floating-ui/core": ["@floating-ui/core@1.7.0", "", { "dependencies": { "@floating-ui/utils": "^0.2.9" } }, "sha512-FRdBLykrPPA6P76GGGqlex/e7fbe0F1ykgxHYNXQsH/iTEtjMj/f9bpY5oQqbjt5VgZvgz/uKXbGuROijh3VLA=="],

    "@floating-ui/dom": ["@floating-ui/dom@1.7.0", "", { "dependencies": { "@floating-ui/core": "^1.7.0", "@floating-ui/utils": "^0.2.9" } }, "sha512-lGTor4VlXcesUMh1cupTUTDoCxMb0V6bm3CnxHzQcw8Eaf1jQbgQX4i02fYgT0vJ82tb5MZ4CZk1LRGkktJCzg=="],

    "@floating-ui/utils": ["@floating-ui/utils@0.2.9", "", {}, "sha512-MDWhGtE+eHw5JW7lq4qhc5yRLS11ERl1c7Z6Xd0a58DozHES6EnNNwUWbMiG4J9Cgj053Bhk8zvlhFYKVhULwg=="],

    "@lit-labs/signals": ["@lit-labs/signals@0.1.3", "", { "dependencies": { "lit": "^2.0.0 || ^3.0.0", "signal-polyfill": "^0.2.0" } }, "sha512-P0yWgH5blwVyEwBg+WFspLzeu1i0ypJP1QB0l1Omr9qZLIPsUu0p4Fy2jshOg7oQyha5n163K3GJGeUhQQ682Q=="],

    "@lit-labs/ssr-dom-shim": ["@lit-labs/ssr-dom-shim@1.3.0", "", {}, "sha512-nQIWonJ6eFAvUUrSlwyHDm/aE8PBDu5kRpL0vHMg6K8fK3Diq1xdPjTnsJSwxABhaZ+5eBi1btQB5ShUTKo4nQ=="],

    "@lit/reactive-element": ["@lit/reactive-element@2.1.0", "", { "dependencies": { "@lit-labs/ssr-dom-shim": "^1.2.0" } }, "sha512-L2qyoZSQClcBmq0qajBVbhYEcG6iK0XfLn66ifLe/RfC0/ihpc+pl0Wdn8bJ8o+hj38cG0fGXRgSS20MuXn7qA=="],

    "@material/web": ["@material/web@2.3.0", "", { "dependencies": { "lit": "^2.8.0 || ^3.0.0", "tslib": "^2.4.0" } }, "sha512-r7ccZHthMk5tM05goPJ965hQ99ptMyZt7i8Xi8+RmEqK3ZXaMtjx+s4p+9OVX+vgOS3zpop+g1yGYXtOOlrwUg=="],

    "@plausible-analytics/tracker": ["@plausible-analytics/tracker@0.4.3", "", {}, "sha512-RKTgH5xu7Pa77VS4OEnS4woPhDxRgWLJlt9f6JhwgBC9ilknCfJIVEN2A1D8OR7hzgxMQF/hPyls9iN9ReAm3Q=="],

    "@popperjs/core": ["@popperjs/core@2.11.8", "", {}, "sha512-P1st0aksCrn9sGZhp8GMYwBnQsbvAWsZAX44oXNNvLHGqAOcoVxmjZiohstwQ7SqKnbR47akdNi+uleWD8+g6A=="],

    "@types/trusted-types": ["@types/trusted-types@2.0.7", "", {}, "sha512-ScaPdn1dQczgbl0QFTeTOmVHFULt394XJgOQNoyVhZ6r2vLnMLJfBPd53SB52T/3G36VI1/g2MZaX0cwDuXsfw=="],

    "htmx.org": ["htmx.org@2.0.6", "", {}, "sha512-7ythjYneGSk3yCHgtCnQeaoF+D+o7U2LF37WU3O0JYv3gTZSicdEFiI/Ai/NJyC5ZpYJWMpUb11OC5Lr6AfAqA=="],

    "lit": ["lit@3.3.0", "", { "dependencies": { "@lit/reactive-element": "^2.1.0", "lit-element": "^4.2.0", "lit-html": "^3.3.0" } }, "sha512-DGVsqsOIHBww2DqnuZzW7QsuCdahp50ojuDaBPC7jUDRpYoH0z7kHBBYZewRzer75FwtrkmkKk7iOAwSaWdBmw=="],

    "lit-element": ["lit-element@4.2.0", "", { "dependencies": { "@lit-labs/ssr-dom-shim": "^1.2.0", "@lit/reactive-element": "^2.1.0", "lit-html": "^3.3.0" } }, "sha512-MGrXJVAI5x+Bfth/pU9Kst1iWID6GHDLEzFEnyULB/sFiRLgkd8NPK/PeeXxktA3T6EIIaq8U3KcbTU5XFcP2Q=="],

    "lit-html": ["lit-html@3.3.0", "", { "dependencies": { "@types/trusted-types": "^2.0.2" } }, "sha512-RHoswrFAxY2d8Cf2mm4OZ1DgzCoBKUKSPvA1fhtSELxUERq2aQQ2h05pO9j81gS1o7RIRJ+CePLogfyahwmynw=="],

    "signal-polyfill": ["signal-polyfill@0.2.2", "", {}, "sha512-p63Y4Er5/eMQ9RHg0M0Y64NlsQKpiu6MDdhBXpyywRuWiPywhJTpKJ1iB5K2hJEbFZ0BnDS7ZkJ+0AfTuL37Rg=="],

    "signal-utils": ["signal-utils@0.21.1", "", { "peerDependencies": { "signal-polyfill": "^0.2.0" } }, "sha512-i9cdLSvVH4j8ql8mz2lyrA93xL499P8wEbIev3ldSriXeUwqh+wM4Q5VPhIZ19gPtIS4BOopJuKB8l1+wH9LCg=="],

    "tippy.js": ["tippy.js@6.3.7", "", { "dependencies": { "@popperjs/core": "^2.9.0" } }, "sha512-E1d3oP2emgJ9dRQZdf3Kkn0qJgI6ZLpyS5z6ZkY1DF3kaQaBsGZsndEpHwx+eC+tYM41HaSNvNtLx8tU57FzTQ=="],

    "tslib": ["tslib@2.8.1", "", {}, "sha512-oJFu94HQb+KVduSUQL7wnpmqnfmLsOA/nAh6b6EH0wCEoK0/mPeXU6c3wKDV83MkOuHPRHtSXKKU99IBazS/2w=="],
  }
}
